<?xml version="1.0" encoding="utf-8"?>
<Project ToolsVersion="4.0" xmlns="http://schemas.microsoft.com/developer/msbuild/2003">
  <ItemGroup>
    <Filter Include="Source files">
      <UniqueIdentifier>{4FC737F1-C7A5-4376-A066-2A32D752A2FF}</UniqueIdentifier>
      <Extensions>cpp;c;cc;cxx;c++;cppm;ixx;def;odl;idl;hpj;bat;asm;asmx</Extensions>
    </Filter>
    <Filter Include="Source files\Engine">
      <UniqueIdentifier>{47e83170-47f1-4f40-a779-8923f837ac6c}</UniqueIdentifier>
    </Filter>
    <Filter Include="Source files\Game">
      <UniqueIdentifier>{cbb3af74-2976-47e0-b394-aa7144f0173b}</UniqueIdentifier>
    </Filter>
    <Filter Include="Source files\Game\Scenes">
      <UniqueIdentifier>{59219179-fd99-49c2-b77f-21f146eab226}</UniqueIdentifier>
    </Filter>
    <Filter Include="Source files\Game\Scenes\Level">
      <UniqueIdentifier>{61a602ae-2162-44fd-a1ba-1b74d465ee04}</UniqueIdentifier>
    </Filter>
    <Filter Include="Source files\Game\Scenes\Menu">
      <UniqueIdentifier>{91fd16b1-06a9-4179-8326-4abaf31bf2b0}</UniqueIdentifier>
    </Filter>
  </ItemGroup>
  <ItemGroup>
    <ClCompile Include="level.c">
      <Filter>Source files\Game\Scenes\Level</Filter>
    </ClCompile>
    <ClCompile Include="level_consts.h">
      <Filter>Source files\Game\Scenes\Level</Filter>
    </ClCompile>
    <ClCompile Include="engine.c">
      <Filter>Source files\Engine</Filter>
    </ClCompile>
    <ClCompile Include="gamelib.c">
      <Filter>Source files\Engine</Filter>
    </ClCompile>
    <ClCompile Include="debug.h">
      <Filter>Source files\Game</Filter>
    </ClCompile>
    <ClCompile Include="main.c">
      <Filter>Source files\Game</Filter>
    </ClCompile>
    <ClCompile Include="menu.c">
      <Filter>Source files\Game\Scenes\Menu</Filter>
    </ClCompile>
    <ClCompile Include="map_reader.c">
      <Filter>Source files\Game</Filter>
    </ClCompile>
  </ItemGroup>
  <ItemGroup>
    <ClInclude Include="level.h">
      <Filter>Source files\Game\Scenes\Level</Filter>
    </ClInclude>
    <ClInclude Include="level_lib.h">
      <Filter>Source files\Game\Scenes\Level</Filter>
    </ClInclude>
    <ClInclude Include="start_engine.h">
      <Filter>Source files\Engine</Filter>
    </ClInclude>
    <ClInclude Include="engine.h">
      <Filter>Source files\Engine</Filter>
    </ClInclude>
    <ClInclude Include="scene.h">
      <Filter>Source files\Engine</Filter>
    </ClInclude>
    <ClInclude Include="gamelib.h">
      <Filter>Source files\Engine</Filter>
    </ClInclude>
    <ClInclude Include="menu.h">
      <Filter>Source files\Game\Scenes\Menu</Filter>
    </ClInclude>
    <ClInclude Include="map_reader.h">
      <Filter>Source files\Game</Filter>
    </ClInclude>
  </ItemGroup>
</Project>